
Microsoft Visual Studio Solution File, Format Version 12.00
Project("{2150E333-8FDC-42A3-9474-1A3956D46DE8}") = "src", "src", "{827E0CD3-B72D-47B6-A68D-7590B98EB39B}"
EndProject
Project("{FAE04EC0-301F-11D3-BF4B-00C04F79EFBC}") = "ServerSimulator.Library", "src\ServerSimulator.Library\ServerSimulator.Library.csproj", "{CB290FF5-105A-4FBE-804F-7EBB0732BD7C}"
EndProject
Project("{FAE04EC0-301F-11D3-BF4B-00C04F79EFBC}") = "ServerSimulator.Application", "src\ServerSimulator.Application\ServerSimulator.Application.csproj", "{341CFB60-4FA0-451C-9678-C3750051598D}"
EndProject
Project("{FAE04EC0-301F-11D3-BF4B-00C04F79EFBC}") = "ServerSimulator.Tests", "src\ServerSimulator.Tests\ServerSimulator.Tests.csproj", "{A7F7CE78-44E1-4069-A3A2-B98B1D1D5F5F}"
EndProject
Global
	GlobalSection(SolutionConfigurationPlatforms) = preSolution
		Debug|Any CPU = Debug|Any CPU
		Debug|x64 = Debug|x64
		Debug|x86 = Debug|x86
		Release|Any CPU = Release|Any CPU
		Release|x64 = Release|x64
		Release|x86 = Release|x86
	EndGlobalSection
	GlobalSection(ProjectConfigurationPlatforms) = postSolution
		{CB290FF5-105A-4FBE-804F-7EBB0732BD7C}.Debug|Any CPU.ActiveCfg = Debug|Any CPU
		{CB290FF5-105A-4FBE-804F-7EBB0732BD7C}.Debug|Any CPU.Build.0 = Debug|Any CPU
		{CB290FF5-105A-4FBE-804F-7EBB0732BD7C}.Debug|x64.ActiveCfg = Debug|Any CPU
		{CB290FF5-105A-4FBE-804F-7EBB0732BD7C}.Debug|x64.Build.0 = Debug|Any CPU
		{CB290FF5-105A-4FBE-804F-7EBB0732BD7C}.Debug|x86.ActiveCfg = Debug|Any CPU
		{CB290FF5-105A-4FBE-804F-7EBB0732BD7C}.Debug|x86.Build.0 = Debug|Any CPU
		{CB290FF5-105A-4FBE-804F-7EBB0732BD7C}.Release|Any CPU.ActiveCfg = Release|Any CPU
		{CB290FF5-105A-4FBE-804F-7EBB0732BD7C}.Release|Any CPU.Build.0 = Release|Any CPU
		{CB290FF5-105A-4FBE-804F-7EBB0732BD7C}.Release|x64.ActiveCfg = Release|Any CPU
		{CB290FF5-105A-4FBE-804F-7EBB0732BD7C}.Release|x64.Build.0 = Release|Any CPU
		{CB290FF5-105A-4FBE-804F-7EBB0732BD7C}.Release|x86.ActiveCfg = Release|Any CPU
		{CB290FF5-105A-4FBE-804F-7EBB0732BD7C}.Release|x86.Build.0 = Release|Any CPU
		{341CFB60-4FA0-451C-9678-C3750051598D}.Debug|Any CPU.ActiveCfg = Debug|Any CPU
		{341CFB60-4FA0-451C-9678-C3750051598D}.Debug|Any CPU.Build.0 = Debug|Any CPU
		{341CFB60-4FA0-451C-9678-C3750051598D}.Debug|x64.ActiveCfg = Debug|Any CPU
		{341CFB60-4FA0-451C-9678-C3750051598D}.Debug|x64.Build.0 = Debug|Any CPU
		{341CFB60-4FA0-451C-9678-C3750051598D}.Debug|x86.ActiveCfg = Debug|Any CPU
		{341CFB60-4FA0-451C-9678-C3750051598D}.Debug|x86.Build.0 = Debug|Any CPU
		{341CFB60-4FA0-451C-9678-C3750051598D}.Release|Any CPU.ActiveCfg = Release|Any CPU
		{341CFB60-4FA0-451C-9678-C3750051598D}.Release|Any CPU.Build.0 = Release|Any CPU
		{341CFB60-4FA0-451C-9678-C3750051598D}.Release|x64.ActiveCfg = Release|Any CPU
		{341CFB60-4FA0-451C-9678-C3750051598D}.Release|x64.Build.0 = Release|Any CPU
		{341CFB60-4FA0-451C-9678-C3750051598D}.Release|x86.ActiveCfg = Release|Any CPU
		{341CFB60-4FA0-451C-9678-C3750051598D}.Release|x86.Build.0 = Release|Any CPU
		{A7F7CE78-44E1-4069-A3A2-B98B1D1D5F5F}.Debug|Any CPU.ActiveCfg = Debug|Any CPU
		{A7F7CE78-44E1-4069-A3A2-B98B1D1D5F5F}.Debug|Any CPU.Build.0 = Debug|Any CPU
		{A7F7CE78-44E1-4069-A3A2-B98B1D1D5F5F}.Debug|x64.ActiveCfg = Debug|Any CPU
		{A7F7CE78-44E1-4069-A3A2-B98B1D1D5F5F}.Debug|x64.Build.0 = Debug|Any CPU
		{A7F7CE78-44E1-4069-A3A2-B98B1D1D5F5F}.Debug|x86.ActiveCfg = Debug|Any CPU
		{A7F7CE78-44E1-4069-A3A2-B98B1D1D5F5F}.Debug|x86.Build.0 = Debug|Any CPU
		{A7F7CE78-44E1-4069-A3A2-B98B1D1D5F5F}.Release|Any CPU.ActiveCfg = Release|Any CPU
		{A7F7CE78-44E1-4069-A3A2-B98B1D1D5F5F}.Release|Any CPU.Build.0 = Release|Any CPU
		{A7F7CE78-44E1-4069-A3A2-B98B1D1D5F5F}.Release|x64.ActiveCfg = Release|Any CPU
		{A7F7CE78-44E1-4069-A3A2-B98B1D1D5F5F}.Release|x64.Build.0 = Release|Any CPU
		{A7F7CE78-44E1-4069-A3A2-B98B1D1D5F5F}.Release|x86.ActiveCfg = Release|Any CPU
		{A7F7CE78-44E1-4069-A3A2-B98B1D1D5F5F}.Release|x86.Build.0 = Release|Any CPU
	EndGlobalSection
	GlobalSection(SolutionProperties) = preSolution
		HideSolutionNode = FALSE
	EndGlobalSection
	GlobalSection(NestedProjects) = preSolution
		{CB290FF5-105A-4FBE-804F-7EBB0732BD7C} = {827E0CD3-B72D-47B6-A68D-7590B98EB39B}
		{341CFB60-4FA0-451C-9678-C3750051598D} = {827E0CD3-B72D-47B6-A68D-7590B98EB39B}
		{A7F7CE78-44E1-4069-A3A2-B98B1D1D5F5F} = {827E0CD3-B72D-47B6-A68D-7590B98EB39B}
	EndGlobalSection
EndGlobal
